
Microsoft Visual Studio Solution File, Format Version 12.00
# Visual Studio Version 17
VisualStudioVersion = 17.10.35122.118
MinimumVisualStudioVersion = 10.0.40219.1
Project("{FAE04EC0-301F-11D3-BF4B-00C04F79EFBC}") = "TestSqlInjectionEntityFramework", "TestSqlInjectionEntityFramework\TestSqlInjectionEntityFramework.csproj", "{0E1707A8-5B73-4780-B4D4-AD5F62720FEA}"
EndProject
Global
	GlobalSection(SolutionConfigurationPlatforms) = preSolution
		Debug|Any CPU = Debug|Any CPU
		Release|Any CPU = Release|Any CPU
	EndGlobalSection
	GlobalSection(ProjectConfigurationPlatforms) = postSolution
		{0E1707A8-5B73-4780-B4D4-AD5F62720FEA}.Debug|Any CPU.ActiveCfg = Debug|Any CPU
		{0E1707A8-5B73-4780-B4D4-AD5F62720FEA}.Debug|Any CPU.Build.0 = Debug|Any CPU
		{0E1707A8-5B73-4780-B4D4-AD5F62720FEA}.Release|Any CPU.ActiveCfg = Release|Any CPU
		{0E1707A8-5B73-4780-B4D4-AD5F62720FEA}.Release|Any CPU.Build.0 = Release|Any CPU
	EndGlobalSection
	GlobalSection(SolutionProperties) = preSolution
		HideSolutionNode = FALSE
	EndGlobalSection
	GlobalSection(ExtensibilityGlobals) = postSolution
		SolutionGuid = {B944DD53-B34A-4237-8327-B815E0994B23}
	EndGlobalSection
EndGlobal
